
Microsoft Visual Studio Solution File, Format Version 12.00
# Visual Studio Version 17
VisualStudioVersion = 17.4.32916.344
MinimumVisualStudioVersion = 10.0.40219.1
Project("{9A19103F-16F7-4668-BE54-9A1E7A4F7556}") = "CommonEnitity", "CommonEnitity\CommonEnitity.csproj", "{797B60B6-B807-4A91-AB6D-89962731F4DB}"
EndProject
Project("{9A19103F-16F7-4668-BE54-9A1E7A4F7556}") = "CatalogService", "CatalogService\CatalogService.csproj", "{1C3C2FA1-5730-4CE1-8F1D-B576DD5E3904}"
EndProject
Project("{9A19103F-16F7-4668-BE54-9A1E7A4F7556}") = "WebEcommerce", "EcommerceWeb\WebEcommerce.csproj", "{5BE089DE-8249-400B-9D06-901BE7053FF2}"
EndProject
Global
	GlobalSection(SolutionConfigurationPlatforms) = preSolution
		Debug|Any CPU = Debug|Any CPU
		Release|Any CPU = Release|Any CPU
	EndGlobalSection
	GlobalSection(ProjectConfigurationPlatforms) = postSolution
		{797B60B6-B807-4A91-AB6D-89962731F4DB}.Debug|Any CPU.ActiveCfg = Debug|Any CPU
		{797B60B6-B807-4A91-AB6D-89962731F4DB}.Debug|Any CPU.Build.0 = Debug|Any CPU
		{797B60B6-B807-4A91-AB6D-89962731F4DB}.Release|Any CPU.ActiveCfg = Release|Any CPU
		{797B60B6-B807-4A91-AB6D-89962731F4DB}.Release|Any CPU.Build.0 = Release|Any CPU
		{1C3C2FA1-5730-4CE1-8F1D-B576DD5E3904}.Debug|Any CPU.ActiveCfg = Debug|Any CPU
		{1C3C2FA1-5730-4CE1-8F1D-B576DD5E3904}.Debug|Any CPU.Build.0 = Debug|Any CPU
		{1C3C2FA1-5730-4CE1-8F1D-B576DD5E3904}.Release|Any CPU.ActiveCfg = Release|Any CPU
		{1C3C2FA1-5730-4CE1-8F1D-B576DD5E3904}.Release|Any CPU.Build.0 = Release|Any CPU
		{5BE089DE-8249-400B-9D06-901BE7053FF2}.Debug|Any CPU.ActiveCfg = Debug|Any CPU
		{5BE089DE-8249-400B-9D06-901BE7053FF2}.Debug|Any CPU.Build.0 = Debug|Any CPU
		{5BE089DE-8249-400B-9D06-901BE7053FF2}.Release|Any CPU.ActiveCfg = Release|Any CPU
		{5BE089DE-8249-400B-9D06-901BE7053FF2}.Release|Any CPU.Build.0 = Release|Any CPU
	EndGlobalSection
	GlobalSection(SolutionProperties) = preSolution
		HideSolutionNode = FALSE
	EndGlobalSection
	GlobalSection(ExtensibilityGlobals) = postSolution
		SolutionGuid = {C4F405B1-D819-4900-8BB5-65E32D62A2B7}
	EndGlobalSection
EndGlobal
